
Microsoft Visual Studio Solution File, Format Version 12.00
# Visual Studio Version 17
VisualStudioVersion = 17.2.32616.157
MinimumVisualStudioVersion = 10.0.40219.1
Project("{FAE04EC0-301F-11D3-BF4B-00C04F79EFBC}") = "NeoXLauncher.Executable", "src\NeoXLauncher.Executable\NeoXLauncher.Executable.csproj", "{46A311D9-8163-495E-ABB5-B49809062E0D}"
EndProject
Global
	GlobalSection(SolutionConfigurationPlatforms) = preSolution
		Debug|Any CPU = Debug|Any CPU
		Release|Any CPU = Release|Any CPU
	EndGlobalSection
	GlobalSection(ProjectConfigurationPlatforms) = postSolution
		{46A311D9-8163-495E-ABB5-B49809062E0D}.Debug|Any CPU.ActiveCfg = Debug|Any CPU
		{46A311D9-8163-495E-ABB5-B49809062E0D}.Debug|Any CPU.Build.0 = Debug|Any CPU
		{46A311D9-8163-495E-ABB5-B49809062E0D}.Release|Any CPU.ActiveCfg = Release|Any CPU
		{46A311D9-8163-495E-ABB5-B49809062E0D}.Release|Any CPU.Build.0 = Release|Any CPU
	EndGlobalSection
	GlobalSection(SolutionProperties) = preSolution
		HideSolutionNode = FALSE
	EndGlobalSection
	GlobalSection(ExtensibilityGlobals) = postSolution
		SolutionGuid = {EBE67755-3D64-41FC-82DE-608FEA0C4AE2}
	EndGlobalSection
EndGlobal
